{
  "name": "@llmtxt-examples/reviewer-agent",
  "version": "1.0.0",
  "lockfileVersion": 3,
  "requires": true,
  "packages": {
    "": {
      "name": "@llmtxt-examples/reviewer-agent",
      "version": "1.0.0",
      "license": "MIT",
      "dependencies": {
        "llmtxt": "file:../../packages/llmtxt"
      },
      "engines": {
        "node": ">=22.0.0"
      }
    },
    "../../packages/llmtxt": {
      "version": "2026.4.10",
      "license": "MIT",
      "dependencies": {
        "@noble/ed25519": "^3.1.0",
        "@noble/hashes": "^2.2.0",
        "loro-crdt": "^1.11.0",
        "nanoid": "^5.1.9",
        "yjs": "^13.6.30",
        "zod": "^4.3.6"
      },
      "bin": {
        "llmtxt": "dist/cli/llmtxt.js"
      },
      "devDependencies": {
        "@cleocode/lafs": "^2026.3.74",
        "@codluv/versionguard": "^0.9.0",
        "@forge-ts/api": "^0.21.1",
        "@forge-ts/cli": "^0.21.1",
        "@forge-ts/core": "^0.21.1",
        "@forge-ts/doctest": "^0.21.1",
        "@forge-ts/enforcer": "^0.21.1",
        "@forge-ts/gen": "^0.21.1",
        "@types/better-sqlite3": "^7.6.13",
        "@types/node": "^22.19.15",
        "drizzle-kit": "1.0.0-beta.21",
        "tsx": "^4.21.0",
        "typescript": "^5.9.3"
      },
      "engines": {
        "node": ">=22.0.0"
      },
      "peerDependencies": {
        "@cleocode/lafs": ">=2026.3",
        "@vlcn.io/crsqlite": ">=0.16.3",
        "better-sqlite3": ">=11.0.0",
        "drizzle-orm": ">=1.0.0-beta.21",
        "onnxruntime-node": ">=1.18.0",
        "postgres": ">=3.4.0"
      },
      "peerDependenciesMeta": {
        "@cleocode/lafs": {
          "optional": true
        },
        "@vlcn.io/crsqlite": {
          "optional": true
        },
        "better-sqlite3": {
          "optional": true
        },
        "drizzle-orm": {
          "optional": true
        },
        "onnxruntime-node": {
          "optional": true
        },
        "postgres": {
          "optional": true
        }
      }
    },
    "node_modules/llmtxt": {
      "resolved": "../../packages/llmtxt",
      "link": true
    }
  }
}
